
Microsoft Visual Studio Solution File, Format Version 12.00
# Visual Studio 15
VisualStudioVersion = 15.0.27703.2035
MinimumVisualStudioVersion = 10.0.40219.1
Project("{FAE04EC0-301F-11D3-BF4B-00C04F79EFBC}") = "StringProcessing", "StringProcessing\StringProcessing.csproj", "{043CEA53-F712-4FDB-802C-401045CBA578}"
EndProject
Project("{FAE04EC0-301F-11D3-BF4B-00C04F79EFBC}") = "StringProcessTest", "StringProcessTest\StringProcessTest.csproj", "{F5353028-32C4-4F7C-845D-0EF806ED45E1}"
EndProject
Global
	GlobalSection(SolutionConfigurationPlatforms) = preSolution
		Debug|Any CPU = Debug|Any CPU
		Release|Any CPU = Release|Any CPU
	EndGlobalSection
	GlobalSection(ProjectConfigurationPlatforms) = postSolution
		{043CEA53-F712-4FDB-802C-401045CBA578}.Debug|Any CPU.ActiveCfg = Debug|Any CPU
		{043CEA53-F712-4FDB-802C-401045CBA578}.Debug|Any CPU.Build.0 = Debug|Any CPU
		{043CEA53-F712-4FDB-802C-401045CBA578}.Release|Any CPU.ActiveCfg = Release|Any CPU
		{043CEA53-F712-4FDB-802C-401045CBA578}.Release|Any CPU.Build.0 = Release|Any CPU
		{F5353028-32C4-4F7C-845D-0EF806ED45E1}.Debug|Any CPU.ActiveCfg = Debug|Any CPU
		{F5353028-32C4-4F7C-845D-0EF806ED45E1}.Debug|Any CPU.Build.0 = Debug|Any CPU
		{F5353028-32C4-4F7C-845D-0EF806ED45E1}.Release|Any CPU.ActiveCfg = Release|Any CPU
		{F5353028-32C4-4F7C-845D-0EF806ED45E1}.Release|Any CPU.Build.0 = Release|Any CPU
	EndGlobalSection
	GlobalSection(SolutionProperties) = preSolution
		HideSolutionNode = FALSE
	EndGlobalSection
	GlobalSection(ExtensibilityGlobals) = postSolution
		SolutionGuid = {DCF33B5F-19E4-40FD-851D-4D2FEC3284B3}
	EndGlobalSection
EndGlobal
